<Solution>
  <Folder Name="/Solution Items/">
    <File Path="../.gitattributes" />
    <File Path="../.github/workflows/dotnet.yml" />
    <File Path="../.gitignore" />
    <File Path="../LICENSE" />
    <File Path="../README.md" />
  </Folder>
  <Project Path="Edi.WordFilter.Tests/Edi.WordFilter.Tests.csproj" />
  <Project Path="Edi.WordFilter/Edi.WordFilter.csproj" />
</Solution>
